// !$*UTF8*$!
{
	archiveVersion = 1;
	classes = {
	};
	objectVersion = 50;
	objects = {

/* Begin PBXBuildFile section */
		5D2EDEFC25F7CAB10074A14E /* AlbumsViewController.swift in Sources */ = {isa = PBXBuildFile; fileRef = 5D2EDEFB25F7CAB10074A14E /* AlbumsViewController.swift */; };
		5D2EDEFF25F7CEAE0074A14E /* PhotosViewController.swift in Sources */ = {isa = PBXBuildFile; fileRef = 5D2EDEFE25F7CEAE0074A14E /* PhotosViewController.swift */; };
		5D2EDF0225F7CF810074A14E /* PhotoCell.swift in Sources */ = {isa = PBXBuildFile; fileRef = 5D2EDF0125F7CF810074A14E /* PhotoCell.swift */; };
		5DC3CC0525F5368B0042E522 /* Post.storyboard in Resources */ = {isa = PBXBuildFile; fileRef = 5DC3CC0425F5368B0042E522 /* Post.storyboard */; };
		5DC3CC0825F536BA0042E522 /* Album.storyboard in Resources */ = {isa = PBXBuildFile; fileRef = 5DC3CC0725F536BA0042E522 /* Album.storyboard */; };
		5DC3CC0C25F53A0B0042E522 /* ToDo.storyboard in Resources */ = {isa = PBXBuildFile; fileRef = 5DC3CC0B25F53A0B0042E522 /* ToDo.storyboard */; };
		5DC3CC1325F79F620042E522 /* Album.swift in Sources */ = {isa = PBXBuildFile; fileRef = 5DC3CC1225F79F620042E522 /* Album.swift */; };
		5DC3CC1625F79FCC0042E522 /* Photo.swift in Sources */ = {isa = PBXBuildFile; fileRef = 5DC3CC1525F79FCC0042E522 /* Photo.swift */; };
		5DC3CC1925F7A0410042E522 /* ToDo.swift in Sources */ = {isa = PBXBuildFile; fileRef = 5DC3CC1825F7A0410042E522 /* ToDo.swift */; };
		5DC3CC2E25F7B6830042E522 /* ToDoViewController.swift in Sources */ = {isa = PBXBuildFile; fileRef = 5DC3CC2D25F7B6830042E522 /* ToDoViewController.swift */; };
		5DE6D7B725EA99AD0044E46B /* AppDelegate.swift in Sources */ = {isa = PBXBuildFile; fileRef = 5DE6D7B625EA99AD0044E46B /* AppDelegate.swift */; };
		5DE6D7B925EA99AD0044E46B /* SceneDelegate.swift in Sources */ = {isa = PBXBuildFile; fileRef = 5DE6D7B825EA99AD0044E46B /* SceneDelegate.swift */; };
		5DE6D7BE25EA99AD0044E46B /* Main.storyboard in Resources */ = {isa = PBXBuildFile; fileRef = 5DE6D7BC25EA99AD0044E46B /* Main.storyboard */; };
		5DE6D7C025EA99AF0044E46B /* Assets.xcassets in Resources */ = {isa = PBXBuildFile; fileRef = 5DE6D7BF25EA99AF0044E46B /* Assets.xcassets */; };
		5DE6D7C325EA99AF0044E46B /* LaunchScreen.storyboard in Resources */ = {isa = PBXBuildFile; fileRef = 5DE6D7C125EA99AF0044E46B /* LaunchScreen.storyboard */; };
		5DE6D7CD25EAA3880044E46B /* User.swift in Sources */ = {isa = PBXBuildFile; fileRef = 5DE6D7CC25EAA3880044E46B /* User.swift */; };
		5DE6D7D025EAA4510044E46B /* Address.swift in Sources */ = {isa = PBXBuildFile; fileRef = 5DE6D7CF25EAA4510044E46B /* Address.swift */; };
		5DE6D7D325EAA6B60044E46B /* Company.swift in Sources */ = {isa = PBXBuildFile; fileRef = 5DE6D7D225EAA6B60044E46B /* Company.swift */; };
		5DE6D7D625EAA73E0044E46B /* Geo.swift in Sources */ = {isa = PBXBuildFile; fileRef = 5DE6D7D525EAA73E0044E46B /* Geo.swift */; };
		5DE6D7DC25EAA9270044E46B /* MainViewController.swift in Sources */ = {isa = PBXBuildFile; fileRef = 5DE6D7DB25EAA9270044E46B /* MainViewController.swift */; };
		5DE6D7DF25EAA9790044E46B /* UsersViewController.swift in Sources */ = {isa = PBXBuildFile; fileRef = 5DE6D7DE25EAA9790044E46B /* UsersViewController.swift */; };
		5DE6D7E225EAAAB30044E46B /* UserInfoViewController.swift in Sources */ = {isa = PBXBuildFile; fileRef = 5DE6D7E125EAAAB30044E46B /* UserInfoViewController.swift */; };
		5DE6D7E525EAAB7F0044E46B /* PostsViewController.swift in Sources */ = {isa = PBXBuildFile; fileRef = 5DE6D7E425EAAB7F0044E46B /* PostsViewController.swift */; };
		5DE6D7E825EAABD60044E46B /* CommentsViewController.swift in Sources */ = {isa = PBXBuildFile; fileRef = 5DE6D7E725EAABD60044E46B /* CommentsViewController.swift */; };
		5DE6D7EC25EAB16C0044E46B /* UsersCell.xib in Resources */ = {isa = PBXBuildFile; fileRef = 5DE6D7EB25EAB16C0044E46B /* UsersCell.xib */; };
		5DE6D7EF25EAB2390044E46B /* CommentsCell.xib in Resources */ = {isa = PBXBuildFile; fileRef = 5DE6D7EE25EAB2390044E46B /* CommentsCell.xib */; };
		5DE6D7F225EAB2BD0044E46B /* UsersCell.swift in Sources */ = {isa = PBXBuildFile; fileRef = 5DE6D7F125EAB2BD0044E46B /* UsersCell.swift */; };
		5DE6D7F525EAB2E50044E46B /* CommentsCell.swift in Sources */ = {isa = PBXBuildFile; fileRef = 5DE6D7F425EAB2E50044E46B /* CommentsCell.swift */; };
		5DE6D7F925EAB5640044E46B /* MainCell.swift in Sources */ = {isa = PBXBuildFile; fileRef = 5DE6D7F825EAB5640044E46B /* MainCell.swift */; };
		5DE6D7FC25EABD720044E46B /* AppData.swift in Sources */ = {isa = PBXBuildFile; fileRef = 5DE6D7FB25EABD720044E46B /* AppData.swift */; };
		5DE6D7FF25EABF3F0044E46B /* Post.swift in Sources */ = {isa = PBXBuildFile; fileRef = 5DE6D7FE25EABF3F0044E46B /* Post.swift */; };
		5DE6D80225EABF640044E46B /* Comment.swift in Sources */ = {isa = PBXBuildFile; fileRef = 5DE6D80125EABF640044E46B /* Comment.swift */; };
		5DE6D80525EAC2EA0044E46B /* Utils.swift in Sources */ = {isa = PBXBuildFile; fileRef = 5DE6D80425EAC2EA0044E46B /* Utils.swift */; };
		5DE6D80825EAC9B30044E46B /* Network.swift in Sources */ = {isa = PBXBuildFile; fileRef = 5DE6D80725EAC9B30044E46B /* Network.swift */; };
		ABA24756297FC8E22CABF496 /* libPods-Homework_Storyboard_7.a in Frameworks */ = {isa = PBXBuildFile; fileRef = 2CAC884E114E7053B39BCBFE /* libPods-Homework_Storyboard_7.a */; };
/* End PBXBuildFile section */

/* Begin PBXFileReference section */
		2CAC884E114E7053B39BCBFE /* libPods-Homework_Storyboard_7.a */ = {isa = PBXFileReference; explicitFileType = archive.ar; includeInIndex = 0; path = "libPods-Homework_Storyboard_7.a"; sourceTree = BUILT_PRODUCTS_DIR; };
		5D2EDEFB25F7CAB10074A14E /* AlbumsViewController.swift */ = {isa = PBXFileReference; lastKnownFileType = sourcecode.swift; path = AlbumsViewController.swift; sourceTree = "<group>"; };
		5D2EDEFE25F7CEAE0074A14E /* PhotosViewController.swift */ = {isa = PBXFileReference; lastKnownFileType = sourcecode.swift; path = PhotosViewController.swift; sourceTree = "<group>"; };
		5D2EDF0125F7CF810074A14E /* PhotoCell.swift */ = {isa = PBXFileReference; lastKnownFileType = sourcecode.swift; path = PhotoCell.swift; sourceTree = "<group>"; };
		5DC3CC0425F5368B0042E522 /* Post.storyboard */ = {isa = PBXFileReference; lastKnownFileType = file.storyboard; path = Post.storyboard; sourceTree = "<group>"; };
		5DC3CC0725F536BA0042E522 /* Album.storyboard */ = {isa = PBXFileReference; lastKnownFileType = file.storyboard; path = Album.storyboard; sourceTree = "<group>"; };
		5DC3CC0B25F53A0B0042E522 /* ToDo.storyboard */ = {isa = PBXFileReference; lastKnownFileType = file.storyboard; path = ToDo.storyboard; sourceTree = "<group>"; };
		5DC3CC1225F79F620042E522 /* Album.swift */ = {isa = PBXFileReference; lastKnownFileType = sourcecode.swift; path = Album.swift; sourceTree = "<group>"; };
		5DC3CC1525F79FCC0042E522 /* Photo.swift */ = {isa = PBXFileReference; lastKnownFileType = sourcecode.swift; path = Photo.swift; sourceTree = "<group>"; };
		5DC3CC1825F7A0410042E522 /* ToDo.swift */ = {isa = PBXFileReference; lastKnownFileType = sourcecode.swift; path = ToDo.swift; sourceTree = "<group>"; };
		5DC3CC2D25F7B6830042E522 /* ToDoViewController.swift */ = {isa = PBXFileReference; lastKnownFileType = sourcecode.swift; path = ToDoViewController.swift; sourceTree = "<group>"; };
		5DE6D7B325EA99AD0044E46B /* Homework_Storyboard_7.app */ = {isa = PBXFileReference; explicitFileType = wrapper.application; includeInIndex = 0; path = Homework_Storyboard_7.app; sourceTree = BUILT_PRODUCTS_DIR; };
		5DE6D7B625EA99AD0044E46B /* AppDelegate.swift */ = {isa = PBXFileReference; lastKnownFileType = sourcecode.swift; path = AppDelegate.swift; sourceTree = "<group>"; };
		5DE6D7B825EA99AD0044E46B /* SceneDelegate.swift */ = {isa = PBXFileReference; lastKnownFileType = sourcecode.swift; path = SceneDelegate.swift; sourceTree = "<group>"; };
		5DE6D7BD25EA99AD0044E46B /* Base */ = {isa = PBXFileReference; lastKnownFileType = file.storyboard; name = Base; path = Base.lproj/Main.storyboard; sourceTree = "<group>"; };
		5DE6D7BF25EA99AF0044E46B /* Assets.xcassets */ = {isa = PBXFileReference; lastKnownFileType = folder.assetcatalog; path = Assets.xcassets; sourceTree = "<group>"; };
		5DE6D7C225EA99AF0044E46B /* Base */ = {isa = PBXFileReference; lastKnownFileType = file.storyboard; name = Base; path = Base.lproj/LaunchScreen.storyboard; sourceTree = "<group>"; };
		5DE6D7C425EA99AF0044E46B /* Info.plist */ = {isa = PBXFileReference; lastKnownFileType = text.plist.xml; path = Info.plist; sourceTree = "<group>"; };
		5DE6D7CC25EAA3880044E46B /* User.swift */ = {isa = PBXFileReference; lastKnownFileType = sourcecode.swift; path = User.swift; sourceTree = "<group>"; };
		5DE6D7CF25EAA4510044E46B /* Address.swift */ = {isa = PBXFileReference; lastKnownFileType = sourcecode.swift; path = Address.swift; sourceTree = "<group>"; };
		5DE6D7D225EAA6B60044E46B /* Company.swift */ = {isa = PBXFileReference; lastKnownFileType = sourcecode.swift; path = Company.swift; sourceTree = "<group>"; };
		5DE6D7D525EAA73E0044E46B /* Geo.swift */ = {isa = PBXFileReference; lastKnownFileType = sourcecode.swift; path = Geo.swift; sourceTree = "<group>"; };
		5DE6D7DB25EAA9270044E46B /* MainViewController.swift */ = {isa = PBXFileReference; lastKnownFileType = sourcecode.swift; path = MainViewController.swift; sourceTree = "<group>"; };
		5DE6D7DE25EAA9790044E46B /* UsersViewController.swift */ = {isa = PBXFileReference; lastKnownFileType = sourcecode.swift; path = UsersViewController.swift; sourceTree = "<group>"; };
		5DE6D7E125EAAAB30044E46B /* UserInfoViewController.swift */ = {isa = PBXFileReference; lastKnownFileType = sourcecode.swift; path = UserInfoViewController.swift; sourceTree = "<group>"; };
		5DE6D7E425EAAB7F0044E46B /* PostsViewController.swift */ = {isa = PBXFileReference; lastKnownFileType = sourcecode.swift; path = PostsViewController.swift; sourceTree = "<group>"; };
		5DE6D7E725EAABD60044E46B /* CommentsViewController.swift */ = {isa = PBXFileReference; lastKnownFileType = sourcecode.swift; path = CommentsViewController.swift; sourceTree = "<group>"; };
		5DE6D7EB25EAB16C0044E46B /* UsersCell.xib */ = {isa = PBXFileReference; lastKnownFileType = file.xib; path = UsersCell.xib; sourceTree = "<group>"; };
		5DE6D7EE25EAB2390044E46B /* CommentsCell.xib */ = {isa = PBXFileReference; lastKnownFileType = file.xib; path = CommentsCell.xib; sourceTree = "<group>"; };
		5DE6D7F125EAB2BD0044E46B /* UsersCell.swift */ = {isa = PBXFileReference; lastKnownFileType = sourcecode.swift; path = UsersCell.swift; sourceTree = "<group>"; };
		5DE6D7F425EAB2E50044E46B /* CommentsCell.swift */ = {isa = PBXFileReference; lastKnownFileType = sourcecode.swift; path = CommentsCell.swift; sourceTree = "<group>"; };
		5DE6D7F825EAB5640044E46B /* MainCell.swift */ = {isa = PBXFileReference; lastKnownFileType = sourcecode.swift; path = MainCell.swift; sourceTree = "<group>"; };
		5DE6D7FB25EABD720044E46B /* AppData.swift */ = {isa = PBXFileReference; lastKnownFileType = sourcecode.swift; path = AppData.swift; sourceTree = "<group>"; };
		5DE6D7FE25EABF3F0044E46B /* Post.swift */ = {isa = PBXFileReference; lastKnownFileType = sourcecode.swift; path = Post.swift; sourceTree = "<group>"; };
		5DE6D80125EABF640044E46B /* Comment.swift */ = {isa = PBXFileReference; lastKnownFileType = sourcecode.swift; path = Comment.swift; sourceTree = "<group>"; };
		5DE6D80425EAC2EA0044E46B /* Utils.swift */ = {isa = PBXFileReference; lastKnownFileType = sourcecode.swift; path = Utils.swift; sourceTree = "<group>"; };
		5DE6D80725EAC9B30044E46B /* Network.swift */ = {isa = PBXFileReference; lastKnownFileType = sourcecode.swift; path = Network.swift; sourceTree = "<group>"; };
		AD3CAE2D8F53506AD30DAC65 /* Pods-Homework_Storyboard_7.debug.xcconfig */ = {isa = PBXFileReference; includeInIndex = 1; lastKnownFileType = text.xcconfig; name = "Pods-Homework_Storyboard_7.debug.xcconfig"; path = "Target Support Files/Pods-Homework_Storyboard_7/Pods-Homework_Storyboard_7.debug.xcconfig"; sourceTree = "<group>"; };
		F6F506E51EA357470BAD4D99 /* Pods-Homework_Storyboard_7.release.xcconfig */ = {isa = PBXFileReference; includeInIndex = 1; lastKnownFileType = text.xcconfig; name = "Pods-Homework_Storyboard_7.release.xcconfig"; path = "Target Support Files/Pods-Homework_Storyboard_7/Pods-Homework_Storyboard_7.release.xcconfig"; sourceTree = "<group>"; };
/* End PBXFileReference section */

/* Begin PBXFrameworksBuildPhase section */
		5DE6D7B025EA99AD0044E46B /* Frameworks */ = {
			isa = PBXFrameworksBuildPhase;
			buildActionMask = 2147483647;
			files = (
				ABA24756297FC8E22CABF496 /* libPods-Homework_Storyboard_7.a in Frameworks */,
			);
			runOnlyForDeploymentPostprocessing = 0;
		};
/* End PBXFrameworksBuildPhase section */

/* Begin PBXGroup section */
		5DC3CC1B25F7A0870042E522 /* Storyboards */ = {
			isa = PBXGroup;
			children = (
				5DC3CC0B25F53A0B0042E522 /* ToDo.storyboard */,
				5DC3CC0725F536BA0042E522 /* Album.storyboard */,
				5DC3CC0425F5368B0042E522 /* Post.storyboard */,
				5DE6D7C125EA99AF0044E46B /* LaunchScreen.storyboard */,
				5DE6D7BC25EA99AD0044E46B /* Main.storyboard */,
			);
			path = Storyboards;
			sourceTree = "<group>";
		};
		5DC3CC1C25F7A0AD0042E522 /* Delegates */ = {
			isa = PBXGroup;
			children = (
				5DE6D7B825EA99AD0044E46B /* SceneDelegate.swift */,
				5DE6D7B625EA99AD0044E46B /* AppDelegate.swift */,
			);
			path = Delegates;
			sourceTree = "<group>";
		};
		5DC3CC1D25F7A0BD0042E522 /* Utils */ = {
			isa = PBXGroup;
			children = (
				5DE6D80425EAC2EA0044E46B /* Utils.swift */,
				5DE6D7BF25EA99AF0044E46B /* Assets.xcassets */,
			);
			path = Utils;
			sourceTree = "<group>";
		};
		5DE6D7AA25EA99AC0044E46B = {
			isa = PBXGroup;
			children = (
				5DE6D7B525EA99AD0044E46B /* Homework_Storyboard_7 */,
				5DE6D7B425EA99AD0044E46B /* Products */,
				89EE8FA5F27EFC813D9D04EA /* Pods */,
				6E020FE3DEE0F2566A580995 /* Frameworks */,
			);
			sourceTree = "<group>";
		};
		5DE6D7B425EA99AD0044E46B /* Products */ = {
			isa = PBXGroup;
			children = (
				5DE6D7B325EA99AD0044E46B /* Homework_Storyboard_7.app */,
			);
			name = Products;
			sourceTree = "<group>";
		};
		5DE6D7B525EA99AD0044E46B /* Homework_Storyboard_7 */ = {
			isa = PBXGroup;
			children = (
				5DE6D7C425EA99AF0044E46B /* Info.plist */,
				5DC3CC1D25F7A0BD0042E522 /* Utils */,
				5DC3CC1C25F7A0AD0042E522 /* Delegates */,
				5DC3CC1B25F7A0870042E522 /* Storyboards */,
				5DE6D7EA25EAB1200044E46B /* Cells */,
				5DE6D7D925EAA8D20044E46B /* Controllers */,
				5DE6D7D825EAA8B60044E46B /* Model */,
			);
			path = Homework_Storyboard_7;
			sourceTree = "<group>";
		};
		5DE6D7D825EAA8B60044E46B /* Model */ = {
			isa = PBXGroup;
			children = (
				5DE6D7D525EAA73E0044E46B /* Geo.swift */,
				5DE6D7D225EAA6B60044E46B /* Company.swift */,
				5DE6D7CF25EAA4510044E46B /* Address.swift */,
				5DE6D7CC25EAA3880044E46B /* User.swift */,
				5DE6D7FB25EABD720044E46B /* AppData.swift */,
				5DE6D7FE25EABF3F0044E46B /* Post.swift */,
				5DE6D80125EABF640044E46B /* Comment.swift */,
				5DE6D80725EAC9B30044E46B /* Network.swift */,
				5DC3CC1225F79F620042E522 /* Album.swift */,
				5DC3CC1525F79FCC0042E522 /* Photo.swift */,
				5DC3CC1825F7A0410042E522 /* ToDo.swift */,
			);
			path = Model;
			sourceTree = "<group>";
		};
		5DE6D7D925EAA8D20044E46B /* Controllers */ = {
			isa = PBXGroup;
			children = (
				5DE6D7DB25EAA9270044E46B /* MainViewController.swift */,
				5DE6D7DE25EAA9790044E46B /* UsersViewController.swift */,
				5DE6D7E125EAAAB30044E46B /* UserInfoViewController.swift */,
				5DE6D7E425EAAB7F0044E46B /* PostsViewController.swift */,
				5DE6D7E725EAABD60044E46B /* CommentsViewController.swift */,
				5DC3CC2D25F7B6830042E522 /* ToDoViewController.swift */,
				5D2EDEFB25F7CAB10074A14E /* AlbumsViewController.swift */,
				5D2EDEFE25F7CEAE0074A14E /* PhotosViewController.swift */,
			);
			path = Controllers;
			sourceTree = "<group>";
		};
		5DE6D7EA25EAB1200044E46B /* Cells */ = {
			isa = PBXGroup;
			children = (
				5DE6D7EB25EAB16C0044E46B /* UsersCell.xib */,
				5DE6D7EE25EAB2390044E46B /* CommentsCell.xib */,
				5DE6D7F125EAB2BD0044E46B /* UsersCell.swift */,
				5DE6D7F425EAB2E50044E46B /* CommentsCell.swift */,
				5DE6D7F825EAB5640044E46B /* MainCell.swift */,
				5D2EDF0125F7CF810074A14E /* PhotoCell.swift */,
			);
			path = Cells;
			sourceTree = "<group>";
		};
		6E020FE3DEE0F2566A580995 /* Frameworks */ = {
			isa = PBXGroup;
			children = (
				2CAC884E114E7053B39BCBFE /* libPods-Homework_Storyboard_7.a */,
			);
			name = Frameworks;
			sourceTree = "<group>";
		};
		89EE8FA5F27EFC813D9D04EA /* Pods */ = {
			isa = PBXGroup;
			children = (
				AD3CAE2D8F53506AD30DAC65 /* Pods-Homework_Storyboard_7.debug.xcconfig */,
				F6F506E51EA357470BAD4D99 /* Pods-Homework_Storyboard_7.release.xcconfig */,
			);
			path = Pods;
			sourceTree = "<group>";
		};
/* End PBXGroup section */

/* Begin PBXNativeTarget section */
		5DE6D7B225EA99AD0044E46B /* Homework_Storyboard_7 */ = {
			isa = PBXNativeTarget;
			buildConfigurationList = 5DE6D7C725EA99AF0044E46B /* Build configuration list for PBXNativeTarget "Homework_Storyboard_7" */;
			buildPhases = (
				9971664CAF0200EA5023D193 /* [CP] Check Pods Manifest.lock */,
				5DE6D7AF25EA99AD0044E46B /* Sources */,
				5DE6D7B025EA99AD0044E46B /* Frameworks */,
				5DE6D7B125EA99AD0044E46B /* Resources */,
			);
			buildRules = (
			);
			dependencies = (
			);
			name = Homework_Storyboard_7;
			productName = Homework_Storyboard_7;
			productReference = 5DE6D7B325EA99AD0044E46B /* Homework_Storyboard_7.app */;
			productType = "com.apple.product-type.application";
		};
/* End PBXNativeTarget section */

/* Begin PBXProject section */
		5DE6D7AB25EA99AC0044E46B /* Project object */ = {
			isa = PBXProject;
			attributes = {
				LastSwiftUpdateCheck = 1240;
				LastUpgradeCheck = 1240;
				TargetAttributes = {
					5DE6D7B225EA99AD0044E46B = {
						CreatedOnToolsVersion = 12.4;
					};
				};
			};
			buildConfigurationList = 5DE6D7AE25EA99AC0044E46B /* Build configuration list for PBXProject "Homework_Storyboard_7" */;
			compatibilityVersion = "Xcode 9.3";
			developmentRegion = en;
			hasScannedForEncodings = 0;
			knownRegions = (
				en,
				Base,
			);
			mainGroup = 5DE6D7AA25EA99AC0044E46B;
			productRefGroup = 5DE6D7B425EA99AD0044E46B /* Products */;
			projectDirPath = "";
			projectRoot = "";
			targets = (
				5DE6D7B225EA99AD0044E46B /* Homework_Storyboard_7 */,
			);
		};
/* End PBXProject section */

/* Begin PBXResourcesBuildPhase section */
		5DE6D7B125EA99AD0044E46B /* Resources */ = {
			isa = PBXResourcesBuildPhase;
			buildActionMask = 2147483647;
			files = (
				5DC3CC0525F5368B0042E522 /* Post.storyboard in Resources */,
				5DC3CC0825F536BA0042E522 /* Album.storyboard in Resources */,
				5DE6D7EC25EAB16C0044E46B /* UsersCell.xib in Resources */,
				5DE6D7C325EA99AF0044E46B /* LaunchScreen.storyboard in Resources */,
				5DC3CC0C25F53A0B0042E522 /* ToDo.storyboard in Resources */,
				5DE6D7C025EA99AF0044E46B /* Assets.xcassets in Resources */,
				5DE6D7BE25EA99AD0044E46B /* Main.storyboard in Resources */,
				5DE6D7EF25EAB2390044E46B /* CommentsCell.xib in Resources */,
			);
			runOnlyForDeploymentPostprocessing = 0;
		};
/* End PBXResourcesBuildPhase section */

/* Begin PBXShellScriptBuildPhase section */
		9971664CAF0200EA5023D193 /* [CP] Check Pods Manifest.lock */ = {
			isa = PBXShellScriptBuildPhase;
			buildActionMask = 2147483647;
			files = (
			);
			inputFileListPaths = (
			);
			inputPaths = (
				"${PODS_PODFILE_DIR_PATH}/Podfile.lock",
				"${PODS_ROOT}/Manifest.lock",
			);
			name = "[CP] Check Pods Manifest.lock";
			outputFileListPaths = (
			);
			outputPaths = (
				"$(DERIVED_FILE_DIR)/Pods-Homework_Storyboard_7-checkManifestLockResult.txt",
			);
			runOnlyForDeploymentPostprocessing = 0;
			shellPath = /bin/sh;
			shellScript = "diff \"${PODS_PODFILE_DIR_PATH}/Podfile.lock\" \"${PODS_ROOT}/Manifest.lock\" > /dev/null\nif [ $? != 0 ] ; then\n    # print error to STDERR\n    echo \"error: The sandbox is not in sync with the Podfile.lock. Run 'pod install' or update your CocoaPods installation.\" >&2\n    exit 1\nfi\n# This output is used by Xcode 'outputs' to avoid re-running this script phase.\necho \"SUCCESS\" > \"${SCRIPT_OUTPUT_FILE_0}\"\n";
			showEnvVarsInLog = 0;
		};
/* End PBXShellScriptBuildPhase section */

/* Begin PBXSourcesBuildPhase section */
		5DE6D7AF25EA99AD0044E46B /* Sources */ = {
			isa = PBXSourcesBuildPhase;
			buildActionMask = 2147483647;
			files = (
				5DC3CC1625F79FCC0042E522 /* Photo.swift in Sources */,
				5DE6D7DC25EAA9270044E46B /* MainViewController.swift in Sources */,
				5DE6D7CD25EAA3880044E46B /* User.swift in Sources */,
				5DC3CC1925F7A0410042E522 /* ToDo.swift in Sources */,
				5DE6D7F525EAB2E50044E46B /* CommentsCell.swift in Sources */,
				5DE6D7E825EAABD60044E46B /* CommentsViewController.swift in Sources */,
				5D2EDF0225F7CF810074A14E /* PhotoCell.swift in Sources */,
				5DE6D7B725EA99AD0044E46B /* AppDelegate.swift in Sources */,
				5DE6D7F225EAB2BD0044E46B /* UsersCell.swift in Sources */,
				5D2EDEFC25F7CAB10074A14E /* AlbumsViewController.swift in Sources */,
				5D2EDEFF25F7CEAE0074A14E /* PhotosViewController.swift in Sources */,
				5DE6D7B925EA99AD0044E46B /* SceneDelegate.swift in Sources */,
				5DE6D7E525EAAB7F0044E46B /* PostsViewController.swift in Sources */,
				5DE6D80225EABF640044E46B /* Comment.swift in Sources */,
				5DE6D7F925EAB5640044E46B /* MainCell.swift in Sources */,
				5DE6D7E225EAAAB30044E46B /* UserInfoViewController.swift in Sources */,
				5DC3CC2E25F7B6830042E522 /* ToDoViewController.swift in Sources */,
				5DE6D80525EAC2EA0044E46B /* Utils.swift in Sources */,
				5DE6D80825EAC9B30044E46B /* Network.swift in Sources */,
				5DE6D7D025EAA4510044E46B /* Address.swift in Sources */,
				5DE6D7DF25EAA9790044E46B /* UsersViewController.swift in Sources */,
				5DE6D7D325EAA6B60044E46B /* Company.swift in Sources */,
				5DE6D7D625EAA73E0044E46B /* Geo.swift in Sources */,
				5DE6D7FC25EABD720044E46B /* AppData.swift in Sources */,
				5DE6D7FF25EABF3F0044E46B /* Post.swift in Sources */,
				5DC3CC1325F79F620042E522 /* Album.swift in Sources */,
			);
			runOnlyForDeploymentPostprocessing = 0;
		};
/* End PBXSourcesBuildPhase section */

/* Begin PBXVariantGroup section */
		5DE6D7BC25EA99AD0044E46B /* Main.storyboard */ = {
			isa = PBXVariantGroup;
			children = (
				5DE6D7BD25EA99AD0044E46B /* Base */,
			);
			name = Main.storyboard;
			sourceTree = "<group>";
		};
		5DE6D7C125EA99AF0044E46B /* LaunchScreen.storyboard */ = {
			isa = PBXVariantGroup;
			children = (
				5DE6D7C225EA99AF0044E46B /* Base */,
			);
			name = LaunchScreen.storyboard;
			sourceTree = "<group>";
		};
/* End PBXVariantGroup section */

/* Begin XCBuildConfiguration section */
		5DE6D7C525EA99AF0044E46B /* Debug */ = {
			isa = XCBuildConfiguration;
			buildSettings = {
				ALWAYS_SEARCH_USER_PATHS = NO;
				CLANG_ANALYZER_NONNULL = YES;
				CLANG_ANALYZER_NUMBER_OBJECT_CONVERSION = YES_AGGRESSIVE;
				CLANG_CXX_LANGUAGE_STANDARD = "gnu++14";
				CLANG_CXX_LIBRARY = "libc++";
				CLANG_ENABLE_MODULES = YES;
				CLANG_ENABLE_OBJC_ARC = YES;
				CLANG_ENABLE_OBJC_WEAK = YES;
				CLANG_WARN_BLOCK_CAPTURE_AUTORELEASING = YES;
				CLANG_WARN_BOOL_CONVERSION = YES;
				CLANG_WARN_COMMA = YES;
				CLANG_WARN_CONSTANT_CONVERSION = YES;
				CLANG_WARN_DEPRECATED_OBJC_IMPLEMENTATIONS = YES;
				CLANG_WARN_DIRECT_OBJC_ISA_USAGE = YES_ERROR;
				CLANG_WARN_DOCUMENTATION_COMMENTS = YES;
				CLANG_WARN_EMPTY_BODY = YES;
				CLANG_WARN_ENUM_CONVERSION = YES;
				CLANG_WARN_INFINITE_RECURSION = YES;
				CLANG_WARN_INT_CONVERSION = YES;
				CLANG_WARN_NON_LITERAL_NULL_CONVERSION = YES;
				CLANG_WARN_OBJC_IMPLICIT_RETAIN_SELF = YES;
				CLANG_WARN_OBJC_LITERAL_CONVERSION = YES;
				CLANG_WARN_OBJC_ROOT_CLASS = YES_ERROR;
				CLANG_WARN_QUOTED_INCLUDE_IN_FRAMEWORK_HEADER = YES;
				CLANG_WARN_RANGE_LOOP_ANALYSIS = YES;
				CLANG_WARN_STRICT_PROTOTYPES = YES;
				CLANG_WARN_SUSPICIOUS_MOVE = YES;
				CLANG_WARN_UNGUARDED_AVAILABILITY = YES_AGGRESSIVE;
				CLANG_WARN_UNREACHABLE_CODE = YES;
				CLANG_WARN__DUPLICATE_METHOD_MATCH = YES;
				COPY_PHASE_STRIP = NO;
				DEBUG_INFORMATION_FORMAT = dwarf;
				ENABLE_STRICT_OBJC_MSGSEND = YES;
				ENABLE_TESTABILITY = YES;
				GCC_C_LANGUAGE_STANDARD = gnu11;
				GCC_DYNAMIC_NO_PIC = NO;
				GCC_NO_COMMON_BLOCKS = YES;
				GCC_OPTIMIZATION_LEVEL = 0;
				GCC_PREPROCESSOR_DEFINITIONS = (
					"DEBUG=1",
					"$(inherited)",
				);
				GCC_WARN_64_TO_32_BIT_CONVERSION = YES;
				GCC_WARN_ABOUT_RETURN_TYPE = YES_ERROR;
				GCC_WARN_UNDECLARED_SELECTOR = YES;
				GCC_WARN_UNINITIALIZED_AUTOS = YES_AGGRESSIVE;
				GCC_WARN_UNUSED_FUNCTION = YES;
				GCC_WARN_UNUSED_VARIABLE = YES;
				IPHONEOS_DEPLOYMENT_TARGET = 14.4;
				MTL_ENABLE_DEBUG_INFO = INCLUDE_SOURCE;
				MTL_FAST_MATH = YES;
				ONLY_ACTIVE_ARCH = YES;
				SDKROOT = iphoneos;
				SWIFT_ACTIVE_COMPILATION_CONDITIONS = DEBUG;
				SWIFT_OPTIMIZATION_LEVEL = "-Onone";
			};
			name = Debug;
		};
		5DE6D7C625EA99AF0044E46B /* Release */ = {
			isa = XCBuildConfiguration;
			buildSettings = {
				ALWAYS_SEARCH_USER_PATHS = NO;
				CLANG_ANALYZER_NONNULL = YES;
				CLANG_ANALYZER_NUMBER_OBJECT_CONVERSION = YES_AGGRESSIVE;
				CLANG_CXX_LANGUAGE_STANDARD = "gnu++14";
				CLANG_CXX_LIBRARY = "libc++";
				CLANG_ENABLE_MODULES = YES;
				CLANG_ENABLE_OBJC_ARC = YES;
				CLANG_ENABLE_OBJC_WEAK = YES;
				CLANG_WARN_BLOCK_CAPTURE_AUTORELEASING = YES;
				CLANG_WARN_BOOL_CONVERSION = YES;
				CLANG_WARN_COMMA = YES;
				CLANG_WARN_CONSTANT_CONVERSION = YES;
				CLANG_WARN_DEPRECATED_OBJC_IMPLEMENTATIONS = YES;
				CLANG_WARN_DIRECT_OBJC_ISA_USAGE = YES_ERROR;
				CLANG_WARN_DOCUMENTATION_COMMENTS = YES;
				CLANG_WARN_EMPTY_BODY = YES;
				CLANG_WARN_ENUM_CONVERSION = YES;
				CLANG_WARN_INFINITE_RECURSION = YES;
				CLANG_WARN_INT_CONVERSION = YES;
				CLANG_WARN_NON_LITERAL_NULL_CONVERSION = YES;
				CLANG_WARN_OBJC_IMPLICIT_RETAIN_SELF = YES;
				CLANG_WARN_OBJC_LITERAL_CONVERSION = YES;
				CLANG_WARN_OBJC_ROOT_CLASS = YES_ERROR;
				CLANG_WARN_QUOTED_INCLUDE_IN_FRAMEWORK_HEADER = YES;
				CLANG_WARN_RANGE_LOOP_ANALYSIS = YES;
				CLANG_WARN_STRICT_PROTOTYPES = YES;
				CLANG_WARN_SUSPICIOUS_MOVE = YES;
				CLANG_WARN_UNGUARDED_AVAILABILITY = YES_AGGRESSIVE;
				CLANG_WARN_UNREACHABLE_CODE = YES;
				CLANG_WARN__DUPLICATE_METHOD_MATCH = YES;
				COPY_PHASE_STRIP = NO;
				DEBUG_INFORMATION_FORMAT = "dwarf-with-dsym";
				ENABLE_NS_ASSERTIONS = NO;
				ENABLE_STRICT_OBJC_MSGSEND = YES;
				GCC_C_LANGUAGE_STANDARD = gnu11;
				GCC_NO_COMMON_BLOCKS = YES;
				GCC_WARN_64_TO_32_BIT_CONVERSION = YES;
				GCC_WARN_ABOUT_RETURN_TYPE = YES_ERROR;
				GCC_WARN_UNDECLARED_SELECTOR = YES;
				GCC_WARN_UNINITIALIZED_AUTOS = YES_AGGRESSIVE;
				GCC_WARN_UNUSED_FUNCTION = YES;
				GCC_WARN_UNUSED_VARIABLE = YES;
				IPHONEOS_DEPLOYMENT_TARGET = 14.4;
				MTL_ENABLE_DEBUG_INFO = NO;
				MTL_FAST_MATH = YES;
				SDKROOT = iphoneos;
				SWIFT_COMPILATION_MODE = wholemodule;
				SWIFT_OPTIMIZATION_LEVEL = "-O";
				VALIDATE_PRODUCT = YES;
			};
			name = Release;
		};
		5DE6D7C825EA99AF0044E46B /* Debug */ = {
			isa = XCBuildConfiguration;
			baseConfigurationReference = AD3CAE2D8F53506AD30DAC65 /* Pods-Homework_Storyboard_7.debug.xcconfig */;
			buildSettings = {
				ASSETCATALOG_COMPILER_APPICON_NAME = AppIcon;
				ASSETCATALOG_COMPILER_GLOBAL_ACCENT_COLOR_NAME = AccentColor;
				CODE_SIGN_STYLE = Automatic;
				DEVELOPMENT_TEAM = L363K9J2RM;
				INFOPLIST_FILE = Homework_Storyboard_7/Info.plist;
				LD_RUNPATH_SEARCH_PATHS = (
					"$(inherited)",
					"@executable_path/Frameworks",
				);
				PRODUCT_BUNDLE_IDENTIFIER = "homework.Homework-Storyboard-7";
				PRODUCT_NAME = "$(TARGET_NAME)";
				SWIFT_VERSION = 5.0;
				TARGETED_DEVICE_FAMILY = 1;
			};
			name = Debug;
		};
		5DE6D7C925EA99AF0044E46B /* Release */ = {
			isa = XCBuildConfiguration;
			baseConfigurationReference = F6F506E51EA357470BAD4D99 /* Pods-Homework_Storyboard_7.release.xcconfig */;
			buildSettings = {
				ASSETCATALOG_COMPILER_APPICON_NAME = AppIcon;
				ASSETCATALOG_COMPILER_GLOBAL_ACCENT_COLOR_NAME = AccentColor;
				CODE_SIGN_STYLE = Automatic;
				DEVELOPMENT_TEAM = L363K9J2RM;
				INFOPLIST_FILE = Homework_Storyboard_7/Info.plist;
				LD_RUNPATH_SEARCH_PATHS = (
					"$(inherited)",
					"@executable_path/Frameworks",
				);
				PRODUCT_BUNDLE_IDENTIFIER = "homework.Homework-Storyboard-7";
				PRODUCT_NAME = "$(TARGET_NAME)";
				SWIFT_VERSION = 5.0;
				TARGETED_DEVICE_FAMILY = 1;
			};
			name = Release;
		};
/* End XCBuildConfiguration section */

/* Begin XCConfigurationList section */
		5DE6D7AE25EA99AC0044E46B /* Build configuration list for PBXProject "Homework_Storyboard_7" */ = {
			isa = XCConfigurationList;
			buildConfigurations = (
				5DE6D7C525EA99AF0044E46B /* Debug */,
				5DE6D7C625EA99AF0044E46B /* Release */,
			);
			defaultConfigurationIsVisible = 0;
			defaultConfigurationName = Release;
		};
		5DE6D7C725EA99AF0044E46B /* Build configuration list for PBXNativeTarget "Homework_Storyboard_7" */ = {
			isa = XCConfigurationList;
			buildConfigurations = (
				5DE6D7C825EA99AF0044E46B /* Debug */,
				5DE6D7C925EA99AF0044E46B /* Release */,
			);
			defaultConfigurationIsVisible = 0;
			defaultConfigurationName = Release;
		};
/* End XCConfigurationList section */
	};
	rootObject = 5DE6D7AB25EA99AC0044E46B /* Project object */;
}
